{
  "name": "@algodomain/core",
  "version": "0.0.1",
  "lockfileVersion": 3,
  "requires": true,
  "packages": {
    "": {
      "name": "@algodomain/core",
      "version": "0.0.1",
      "license": "ISC",
      "dependencies": {
        "@algodomain/store": "^0.0.1"
      }
    },
    "node_modules/@algodomain/store": {
      "version": "0.0.1",
      "resolved": "https://registry.npmjs.org/@algodomain/store/-/store-0.0.1.tgz",
      "integrity": "sha512-Cojg6vt+w1ORVr8HJnWjFWdxr2HC3PYsFS+t/V7OFiPl4afdRxi73l372ZnSyusyFcQTypezv9EMmchuPwHYog=="
    }
  }
}
